
Microsoft Visual Studio Solution File, Format Version 12.00
# Visual Studio Version 17
VisualStudioVersion = 17.10.35004.147
MinimumVisualStudioVersion = 10.0.40219.1
Project("{FAE04EC0-301F-11D3-BF4B-00C04F79EFBC}") = "BKTra", "BKTra\BKTra.csproj", "{23534E3E-F579-4B1B-9E49-559EA159E87A}"
EndProject
Global
	GlobalSection(SolutionConfigurationPlatforms) = preSolution
		Debug|Any CPU = Debug|Any CPU
		Release|Any CPU = Release|Any CPU
	EndGlobalSection
	GlobalSection(ProjectConfigurationPlatforms) = postSolution
		{23534E3E-F579-4B1B-9E49-559EA159E87A}.Debug|Any CPU.ActiveCfg = Debug|Any CPU
		{23534E3E-F579-4B1B-9E49-559EA159E87A}.Debug|Any CPU.Build.0 = Debug|Any CPU
		{23534E3E-F579-4B1B-9E49-559EA159E87A}.Release|Any CPU.ActiveCfg = Release|Any CPU
		{23534E3E-F579-4B1B-9E49-559EA159E87A}.Release|Any CPU.Build.0 = Release|Any CPU
	EndGlobalSection
	GlobalSection(SolutionProperties) = preSolution
		HideSolutionNode = FALSE
	EndGlobalSection
	GlobalSection(ExtensibilityGlobals) = postSolution
		SolutionGuid = {075A7AEE-539D-4244-B2E9-9A740C430D88}
	EndGlobalSection
EndGlobal
